NeoBundleLock neobundle.vim 30c40ccbfc6371fb922eece6e0657eb5da9e479b
NeoBundleLock vim-indent-guides 018298ead9d3aa9cd3b4ae222f81022a33978b09
NeoBundleLock vim-json 3029554ee1619f478fc5222bf4c6c08909b1be9c
NeoBundleLock vim-ruby fc992fd7965b42fd796e5b8e1350e61a691b36fb
NeoBundleLock vim-tomorrow-theme f45a2ca260d825b6aee72621f8f6158d815ac472
