NeoBundleLock es.next.syntax.vim ad2d6a27073e43e41b8041b3655f2444a251c444
NeoBundleLock html5.vim 3db896baa26839b866db3db5d8997cc830874a24
NeoBundleLock javascript-libraries-syntax.vim 5ef435d8c28ebc3c9b52fb865f4c06db629857f7
NeoBundleLock lexima.vim 54e647e4dd320e69a0972507e961651e327e0423
NeoBundleLock neobundle.vim 30c40ccbfc6371fb922eece6e0657eb5da9e479b
NeoBundleLock neocomplete.vim 5f3e213c629b7fe1aa3723bf56fe3ead5555a526
NeoBundleLock neosnippet 3d3362622ef10deedaea8e026054064bf62aeb33
NeoBundleLock neosnippet-snippets ed18d979d76709036f6c4f7a2bdbfb29b11e3e0e
NeoBundleLock vim-indent-guides 54d889a63716ee2f1818aa2ec5082db47147147b
NeoBundleLock vim-json 3029554ee1619f478fc5222bf4c6c08909b1be9c
NeoBundleLock vim-jsx-pretty 75f027712dd837c4723e150bd4eeef7051141994
NeoBundleLock vim-slim 6673e404370e6f3d44be342cf03ea8c26ab02c66
NeoBundleLock vim-tomorrow-theme 46994f3a4d4574ce0d48c26a3bc1e528b8092c93
NeoBundleLock yajs.vim 437be4ccf0e78fe54cb482657091cff9e8479488
